# This file is automatically @generated by Cargo.
# It is not intended for manual editing.
version = 4

[[package]]
name = "rjs-cli"
version = "0.1.0"
dependencies = [
 "rjs-parser",
 "rjs-runtime",
]

[[package]]
name = "rjs-parser"
version = "0.1.0"

[[package]]
name = "rjs-runtime"
version = "0.1.0"
